
Microsoft Visual Studio Solution File, Format Version 12.00
# Visual Studio Version 16
VisualStudioVersion = 16.0.31515.178
MinimumVisualStudioVersion = 10.0.40219.1
Project("{FAE04EC0-301F-11D3-BF4B-00C04F79EFBC}") = "QuanLyNhanVienModel", "QuanLyNhanVienModel\QuanLyNhanVienModel.csproj", "{2967EC28-72D1-4FFD-A320-654D589658EB}"
EndProject
Global
	GlobalSection(SolutionConfigurationPlatforms) = preSolution
		Debug|Any CPU = Debug|Any CPU
		Release|Any CPU = Release|Any CPU
	EndGlobalSection
	GlobalSection(ProjectConfigurationPlatforms) = postSolution
		{2967EC28-72D1-4FFD-A320-654D589658EB}.Debug|Any CPU.ActiveCfg = Debug|Any CPU
		{2967EC28-72D1-4FFD-A320-654D589658EB}.Debug|Any CPU.Build.0 = Debug|Any CPU
		{2967EC28-72D1-4FFD-A320-654D589658EB}.Release|Any CPU.ActiveCfg = Release|Any CPU
		{2967EC28-72D1-4FFD-A320-654D589658EB}.Release|Any CPU.Build.0 = Release|Any CPU
	EndGlobalSection
	GlobalSection(SolutionProperties) = preSolution
		HideSolutionNode = FALSE
	EndGlobalSection
	GlobalSection(ExtensibilityGlobals) = postSolution
		SolutionGuid = {90B53D9C-075F-4A05-8E92-8F71C63C48BE}
	EndGlobalSection
EndGlobal
